PODS:
  - BMCustomTableView (0.1.0)
  - SVProgressHUD (2.0.3)

DEPENDENCIES:
  - BMCustomTableView
  - SVProgressHUD

SPEC CHECKSUMS:
  BMCustomTableView: 263be7eae28e521a1f76f235e1ddf124e8d98b81
  SVProgressHUD: b0830714205bea1317ea1a2ebc71e5633af334d4

PODFILE CHECKSUM: 89c51c2c341e56576c129bccb680580abf649859

COCOAPODS: 1.0.1
